// !$*UTF8*$!
{
	archiveVersion = 1;
	classes = {
	};
	objectVersion = 56;
	objects = {

/* Begin PBXBuildFile section */
		5A13D5F528F2E2F900A15735 /* SearchService.swift in Sources */ = {isa = PBXBuildFile; fileRef = 5A13D5F428F2E2F900A15735 /* SearchService.swift */; };
		5A13D5F828F2E36900A15735 /* AppSearchResult.swift in Sources */ = {isa = PBXBuildFile; fileRef = 5A13D5F728F2E36900A15735 /* AppSearchResult.swift */; };
		5A13D5FA28F2E7C400A15735 /* SearchError.swift in Sources */ = {isa = PBXBuildFile; fileRef = 5A13D5F928F2E7C400A15735 /* SearchError.swift */; };
		5A13D5FD28F2EB5E00A15735 /* AppSearchResultView.swift in Sources */ = {isa = PBXBuildFile; fileRef = 5A13D5FC28F2EB5E00A15735 /* AppSearchResultView.swift */; };
		5A13D5FF28F30E2400A15735 /* RoundedButtonStyle.swift in Sources */ = {isa = PBXBuildFile; fileRef = 5A13D5FE28F30E2400A15735 /* RoundedButtonStyle.swift */; };
		5A13D60128F35E6300A15735 /* AppView.swift in Sources */ = {isa = PBXBuildFile; fileRef = 5A13D60028F35E6300A15735 /* AppView.swift */; };
		5A13D60428F36FC300A15735 /* PersistenceController.swift in Sources */ = {isa = PBXBuildFile; fileRef = 5A13D60328F36FC300A15735 /* PersistenceController.swift */; };
		5A13D60728F3747F00A15735 /* review-it.xcdatamodeld in Sources */ = {isa = PBXBuildFile; fileRef = 5A13D60528F3747F00A15735 /* review-it.xcdatamodeld */; };
		5A13D60A28F375DB00A15735 /* UserSettingsService.swift in Sources */ = {isa = PBXBuildFile; fileRef = 5A13D60928F375DB00A15735 /* UserSettingsService.swift */; };
		5A1F54BF28E9A1AC0038A1CC /* review_itApp.swift in Sources */ = {isa = PBXBuildFile; fileRef = 5A1F54BE28E9A1AC0038A1CC /* review_itApp.swift */; };
		5A1F54C328E9A1AE0038A1CC /* Assets.xcassets in Resources */ = {isa = PBXBuildFile; fileRef = 5A1F54C228E9A1AE0038A1CC /* Assets.xcassets */; };
		5A1F54C728E9A1AE0038A1CC /* Preview Assets.xcassets in Resources */ = {isa = PBXBuildFile; fileRef = 5A1F54C628E9A1AE0038A1CC /* Preview Assets.xcassets */; };
		5A1F54D128E9A1AE0038A1CC /* review_itTests.swift in Sources */ = {isa = PBXBuildFile; fileRef = 5A1F54D028E9A1AE0038A1CC /* review_itTests.swift */; };
		5A1F54DB28E9A1AE0038A1CC /* review_itUITests.swift in Sources */ = {isa = PBXBuildFile; fileRef = 5A1F54DA28E9A1AE0038A1CC /* review_itUITests.swift */; };
		5A1F54DD28E9A1AE0038A1CC /* review_itUITestsLaunchTests.swift in Sources */ = {isa = PBXBuildFile; fileRef = 5A1F54DC28E9A1AE0038A1CC /* review_itUITestsLaunchTests.swift */; };
		5A1F54EB28E9A1FE0038A1CC /* ReviewFeed.swift in Sources */ = {isa = PBXBuildFile; fileRef = 5A1F54EA28E9A1FE0038A1CC /* ReviewFeed.swift */; };
		5A1F54ED28E9A2090038A1CC /* Feed.swift in Sources */ = {isa = PBXBuildFile; fileRef = 5A1F54EC28E9A2090038A1CC /* Feed.swift */; };
		5A1F54EF28E9A2140038A1CC /* Review.swift in Sources */ = {isa = PBXBuildFile; fileRef = 5A1F54EE28E9A2140038A1CC /* Review.swift */; };
		5A1F54F128E9A2260038A1CC /* NestedLabelType.swift in Sources */ = {isa = PBXBuildFile; fileRef = 5A1F54F028E9A2260038A1CC /* NestedLabelType.swift */; };
		5A1F54F328E9A23A0038A1CC /* Author.swift in Sources */ = {isa = PBXBuildFile; fileRef = 5A1F54F228E9A23A0038A1CC /* Author.swift */; };
		5A1F54F628E9A2710038A1CC /* APIService.swift in Sources */ = {isa = PBXBuildFile; fileRef = 5A1F54F528E9A2710038A1CC /* APIService.swift */; };
		5A1F54F828E9A27A0038A1CC /* APIError.swift in Sources */ = {isa = PBXBuildFile; fileRef = 5A1F54F728E9A27A0038A1CC /* APIError.swift */; };
		5A1F54FD28E9A2DB0038A1CC /* ReviewListScreen.swift in Sources */ = {isa = PBXBuildFile; fileRef = 5A1F54FC28E9A2DB0038A1CC /* ReviewListScreen.swift */; };
		5A1F54FF28E9A2FF0038A1CC /* ReviewListVM.swift in Sources */ = {isa = PBXBuildFile; fileRef = 5A1F54FE28E9A2FF0038A1CC /* ReviewListVM.swift */; };
		5A1F550328E9A32E0038A1CC /* ReviewCardView.swift in Sources */ = {isa = PBXBuildFile; fileRef = 5A1F550228E9A32E0038A1CC /* ReviewCardView.swift */; };
		5A1F550628E9A33A0038A1CC /* Color+Convenience.swift in Sources */ = {isa = PBXBuildFile; fileRef = 5A1F550528E9A33A0038A1CC /* Color+Convenience.swift */; };
		5A1F550828E9A3490038A1CC /* Colors.xcassets in Resources */ = {isa = PBXBuildFile; fileRef = 5A1F550728E9A3490038A1CC /* Colors.xcassets */; };
		5A1F550F28E9BCEE0038A1CC /* FormattingService.swift in Sources */ = {isa = PBXBuildFile; fileRef = 5A1F550E28E9BCEE0038A1CC /* FormattingService.swift */; };
		5A1F551628E9C14F0038A1CC /* RatingView.swift in Sources */ = {isa = PBXBuildFile; fileRef = 5A1F551528E9C14F0038A1CC /* RatingView.swift */; };
		5A1F551928E9CCC60038A1CC /* Constants.swift in Sources */ = {isa = PBXBuildFile; fileRef = 5A1F551828E9CCC60038A1CC /* Constants.swift */; };
		5A1F551D28EA19EB0038A1CC /* AppModel.swift in Sources */ = {isa = PBXBuildFile; fileRef = 5A1F551C28EA19EB0038A1CC /* AppModel.swift */; };
		5A1F552028EA1A230038A1CC /* ImageRepresentable.swift in Sources */ = {isa = PBXBuildFile; fileRef = 5A1F551F28EA1A230038A1CC /* ImageRepresentable.swift */; };
		5A1F552228EA1CD60038A1CC /* AppTileView.swift in Sources */ = {isa = PBXBuildFile; fileRef = 5A1F552128EA1CD60038A1CC /* AppTileView.swift */; };
		5A1F552428EA1CDD0038A1CC /* AppTileModel.swift in Sources */ = {isa = PBXBuildFile; fileRef = 5A1F552328EA1CDD0038A1CC /* AppTileModel.swift */; };
		5A1F552628EA1EE90038A1CC /* Image+ImageRepresentable.swift in Sources */ = {isa = PBXBuildFile; fileRef = 5A1F552528EA1EE90038A1CC /* Image+ImageRepresentable.swift */; };
		5A1F552A28EA27180038A1CC /* BouncingButtonStyle.swift in Sources */ = {isa = PBXBuildFile; fileRef = 5A1F552928EA27180038A1CC /* BouncingButtonStyle.swift */; };
		5A1F552D28EA2F630038A1CC /* AddAppScreen.swift in Sources */ = {isa = PBXBuildFile; fileRef = 5A1F552C28EA2F630038A1CC /* AddAppScreen.swift */; };
		5A1F552F28EA302C0038A1CC /* AddAppScreenVM.swift in Sources */ = {isa = PBXBuildFile; fileRef = 5A1F552E28EA302C0038A1CC /* AddAppScreenVM.swift */; };
		5A20CEA828F756C50006566E /* UserDefaultsKey.swift in Sources */ = {isa = PBXBuildFile; fileRef = 5A20CEA728F756C50006566E /* UserDefaultsKey.swift */; };
		5A20CEAB28F763F20006566E /* SettingsScreen.swift in Sources */ = {isa = PBXBuildFile; fileRef = 5A20CEAA28F763F20006566E /* SettingsScreen.swift */; };
		5A316E3C290602EC00AFDC47 /* PersistenceControllerError.swift in Sources */ = {isa = PBXBuildFile; fileRef = 5A316E3B290602EC00AFDC47 /* PersistenceControllerError.swift */; };
		5A316E3F2906133100AFDC47 /* MainScreen.swift in Sources */ = {isa = PBXBuildFile; fileRef = 5A316E3E2906133100AFDC47 /* MainScreen.swift */; };
		5A316E442906156A00AFDC47 /* AppReloadService.swift in Sources */ = {isa = PBXBuildFile; fileRef = 5A316E432906156A00AFDC47 /* AppReloadService.swift */; };
		5A426D952906926500529F2F /* Locale+CountryModel.swift in Sources */ = {isa = PBXBuildFile; fileRef = 5A426D942906926500529F2F /* Locale+CountryModel.swift */; };
		5A426D97290699DF00529F2F /* CountryModel.swift in Sources */ = {isa = PBXBuildFile; fileRef = 5A426D96290699DF00529F2F /* CountryModel.swift */; };
		5A426D9929069B9E00529F2F /* CountryCode+CountryName.swift in Sources */ = {isa = PBXBuildFile; fileRef = 5A426D9829069B9E00529F2F /* CountryCode+CountryName.swift */; };
		5A426D9B29069BB000529F2F /* CountryCode.swift in Sources */ = {isa = PBXBuildFile; fileRef = 5A426D9A29069BB000529F2F /* CountryCode.swift */; };
		5A426D9D29069BB400529F2F /* CountryName.swift in Sources */ = {isa = PBXBuildFile; fileRef = 5A426D9C29069BB400529F2F /* CountryName.swift */; };
		5A58C61928EE2A33008C47D0 /* View+OnKeyDown.swift in Sources */ = {isa = PBXBuildFile; fileRef = 5A58C61828EE2A33008C47D0 /* View+OnKeyDown.swift */; };
		5A58C61B28EE34BD008C47D0 /* SearchbarView.swift in Sources */ = {isa = PBXBuildFile; fileRef = 5A58C61A28EE34BD008C47D0 /* SearchbarView.swift */; };
		5AAA330328FCA69E007BCFB1 /* SettingsType.swift in Sources */ = {isa = PBXBuildFile; fileRef = 5AAA330228FCA69E007BCFB1 /* SettingsType.swift */; };
		5AAD12282901903E00A4F01E /* SettingsScreenVM.swift in Sources */ = {isa = PBXBuildFile; fileRef = 5AAD12272901903E00A4F01E /* SettingsScreenVM.swift */; };
		5AAD122B2901907D00A4F01E /* SettingsGeneralView.swift in Sources */ = {isa = PBXBuildFile; fileRef = 5AAD122A2901907D00A4F01E /* SettingsGeneralView.swift */; };
		5AAD122D2901908100A4F01E /* SettingsAlertsView.swift in Sources */ = {isa = PBXBuildFile; fileRef = 5AAD122C2901908100A4F01E /* SettingsAlertsView.swift */; };
		5AAD122F2901908B00A4F01E /* SettingsAccountView.swift in Sources */ = {isa = PBXBuildFile; fileRef = 5AAD122E2901908B00A4F01E /* SettingsAccountView.swift */; };
		5AAD12312901A61A00A4F01E /* Platform.swift in Sources */ = {isa = PBXBuildFile; fileRef = 5AAD12302901A61A00A4F01E /* Platform.swift */; };
		5AAD12332901A63B00A4F01E /* View+PlatformPadding.swift in Sources */ = {isa = PBXBuildFile; fileRef = 5AAD12322901A63B00A4F01E /* View+PlatformPadding.swift */; };
		5AC43F02290B3B9B00BD4850 /* Array+RawRepresentable.swift in Sources */ = {isa = PBXBuildFile; fileRef = 5AC43F01290B3B9B00BD4850 /* Array+RawRepresentable.swift */; };
		5AC43F04290B3C8E00BD4850 /* CountryFilter.swift in Sources */ = {isa = PBXBuildFile; fileRef = 5AC43F03290B3C8E00BD4850 /* CountryFilter.swift */; };
		5AC479E3290DD7260025E592 /* CountryPicker.swift in Sources */ = {isa = PBXBuildFile; fileRef = 5AC479E2290DD7260025E592 /* CountryPicker.swift */; };
/* End PBXBuildFile section */

/* Begin PBXContainerItemProxy section */
		5A1F54CD28E9A1AE0038A1CC /* PBXContainerItemProxy */ = {
			isa = PBXContainerItemProxy;
			containerPortal = 5A1F54B328E9A1AC0038A1CC /* Project object */;
			proxyType = 1;
			remoteGlobalIDString = 5A1F54BA28E9A1AC0038A1CC;
			remoteInfo = "review-it";
		};
		5A1F54D728E9A1AE0038A1CC /* PBXContainerItemProxy */ = {
			isa = PBXContainerItemProxy;
			containerPortal = 5A1F54B328E9A1AC0038A1CC /* Project object */;
			proxyType = 1;
			remoteGlobalIDString = 5A1F54BA28E9A1AC0038A1CC;
			remoteInfo = "review-it";
		};
/* End PBXContainerItemProxy section */

/* Begin PBXFileReference section */
		5A13D5F428F2E2F900A15735 /* SearchService.swift */ = {isa = PBXFileReference; lastKnownFileType = sourcecode.swift; path = SearchService.swift; sourceTree = "<group>"; };
		5A13D5F728F2E36900A15735 /* AppSearchResult.swift */ = {isa = PBXFileReference; lastKnownFileType = sourcecode.swift; path = AppSearchResult.swift; sourceTree = "<group>"; };
		5A13D5F928F2E7C400A15735 /* SearchError.swift */ = {isa = PBXFileReference; lastKnownFileType = sourcecode.swift; path = SearchError.swift; sourceTree = "<group>"; };
		5A13D5FC28F2EB5E00A15735 /* AppSearchResultView.swift */ = {isa = PBXFileReference; lastKnownFileType = sourcecode.swift; path = AppSearchResultView.swift; sourceTree = "<group>"; };
		5A13D5FE28F30E2400A15735 /* RoundedButtonStyle.swift */ = {isa = PBXFileReference; lastKnownFileType = sourcecode.swift; path = RoundedButtonStyle.swift; sourceTree = "<group>"; };
		5A13D60028F35E6300A15735 /* AppView.swift */ = {isa = PBXFileReference; lastKnownFileType = sourcecode.swift; path = AppView.swift; sourceTree = "<group>"; };
		5A13D60328F36FC300A15735 /* PersistenceController.swift */ = {isa = PBXFileReference; lastKnownFileType = sourcecode.swift; path = PersistenceController.swift; sourceTree = "<group>"; };
		5A13D60628F3747F00A15735 /* review-it.xcdatamodel */ = {isa = PBXFileReference; lastKnownFileType = wrapper.xcdatamodel; path = "review-it.xcdatamodel"; sourceTree = "<group>"; };
		5A13D60928F375DB00A15735 /* UserSettingsService.swift */ = {isa = PBXFileReference; lastKnownFileType = sourcecode.swift; path = UserSettingsService.swift; sourceTree = "<group>"; };
		5A1F54BB28E9A1AC0038A1CC /* review-it.app */ = {isa = PBXFileReference; explicitFileType = wrapper.application; includeInIndex = 0; path = "review-it.app"; sourceTree = BUILT_PRODUCTS_DIR; };
		5A1F54BE28E9A1AC0038A1CC /* review_itApp.swift */ = {isa = PBXFileReference; lastKnownFileType = sourcecode.swift; path = review_itApp.swift; sourceTree = "<group>"; };
		5A1F54C228E9A1AE0038A1CC /* Assets.xcassets */ = {isa = PBXFileReference; lastKnownFileType = folder.assetcatalog; path = Assets.xcassets; sourceTree = "<group>"; };
		5A1F54C428E9A1AE0038A1CC /* review_it.entitlements */ = {isa = PBXFileReference; lastKnownFileType = text.plist.entitlements; path = review_it.entitlements; sourceTree = "<group>"; };
		5A1F54C628E9A1AE0038A1CC /* Preview Assets.xcassets */ = {isa = PBXFileReference; lastKnownFileType = folder.assetcatalog; path = "Preview Assets.xcassets"; sourceTree = "<group>"; };
		5A1F54CC28E9A1AE0038A1CC /* review-itTests.xctest */ = {isa = PBXFileReference; explicitFileType = wrapper.cfbundle; includeInIndex = 0; path = "review-itTests.xctest"; sourceTree = BUILT_PRODUCTS_DIR; };
		5A1F54D028E9A1AE0038A1CC /* review_itTests.swift */ = {isa = PBXFileReference; lastKnownFileType = sourcecode.swift; path = review_itTests.swift; sourceTree = "<group>"; };
		5A1F54D628E9A1AE0038A1CC /* review-itUITests.xctest */ = {isa = PBXFileReference; explicitFileType = wrapper.cfbundle; includeInIndex = 0; path = "review-itUITests.xctest"; sourceTree = BUILT_PRODUCTS_DIR; };
		5A1F54DA28E9A1AE0038A1CC /* review_itUITests.swift */ = {isa = PBXFileReference; lastKnownFileType = sourcecode.swift; path = review_itUITests.swift; sourceTree = "<group>"; };
		5A1F54DC28E9A1AE0038A1CC /* review_itUITestsLaunchTests.swift */ = {isa = PBXFileReference; lastKnownFileType = sourcecode.swift; path = review_itUITestsLaunchTests.swift; sourceTree = "<group>"; };
		5A1F54EA28E9A1FE0038A1CC /* ReviewFeed.swift */ = {isa = PBXFileReference; lastKnownFileType = sourcecode.swift; path = ReviewFeed.swift; sourceTree = "<group>"; };
		5A1F54EC28E9A2090038A1CC /* Feed.swift */ = {isa = PBXFileReference; lastKnownFileType = sourcecode.swift; path = Feed.swift; sourceTree = "<group>"; };
		5A1F54EE28E9A2140038A1CC /* Review.swift */ = {isa = PBXFileReference; lastKnownFileType = sourcecode.swift; path = Review.swift; sourceTree = "<group>"; };
		5A1F54F028E9A2260038A1CC /* NestedLabelType.swift */ = {isa = PBXFileReference; lastKnownFileType = sourcecode.swift; path = NestedLabelType.swift; sourceTree = "<group>"; };
		5A1F54F228E9A23A0038A1CC /* Author.swift */ = {isa = PBXFileReference; lastKnownFileType = sourcecode.swift; path = Author.swift; sourceTree = "<group>"; };
		5A1F54F528E9A2710038A1CC /* APIService.swift */ = {isa = PBXFileReference; lastKnownFileType = sourcecode.swift; path = APIService.swift; sourceTree = "<group>"; };
		5A1F54F728E9A27A0038A1CC /* APIError.swift */ = {isa = PBXFileReference; lastKnownFileType = sourcecode.swift; path = APIError.swift; sourceTree = "<group>"; };
		5A1F54FC28E9A2DB0038A1CC /* ReviewListScreen.swift */ = {isa = PBXFileReference; lastKnownFileType = sourcecode.swift; path = ReviewListScreen.swift; sourceTree = "<group>"; };
		5A1F54FE28E9A2FF0038A1CC /* ReviewListVM.swift */ = {isa = PBXFileReference; lastKnownFileType = sourcecode.swift; path = ReviewListVM.swift; sourceTree = "<group>"; };
		5A1F550228E9A32E0038A1CC /* ReviewCardView.swift */ = {isa = PBXFileReference; lastKnownFileType = sourcecode.swift; path = ReviewCardView.swift; sourceTree = "<group>"; };
		5A1F550528E9A33A0038A1CC /* Color+Convenience.swift */ = {isa = PBXFileReference; lastKnownFileType = sourcecode.swift; path = "Color+Convenience.swift"; sourceTree = "<group>"; };
		5A1F550728E9A3490038A1CC /* Colors.xcassets */ = {isa = PBXFileReference; lastKnownFileType = folder.assetcatalog; path = Colors.xcassets; sourceTree = "<group>"; };
		5A1F550E28E9BCEE0038A1CC /* FormattingService.swift */ = {isa = PBXFileReference; lastKnownFileType = sourcecode.swift; path = FormattingService.swift; sourceTree = "<group>"; };
		5A1F551528E9C14F0038A1CC /* RatingView.swift */ = {isa = PBXFileReference; lastKnownFileType = sourcecode.swift; path = RatingView.swift; sourceTree = "<group>"; };
		5A1F551828E9CCC60038A1CC /* Constants.swift */ = {isa = PBXFileReference; lastKnownFileType = sourcecode.swift; path = Constants.swift; sourceTree = "<group>"; };
		5A1F551C28EA19EB0038A1CC /* AppModel.swift */ = {isa = PBXFileReference; lastKnownFileType = sourcecode.swift; path = AppModel.swift; sourceTree = "<group>"; };
		5A1F551F28EA1A230038A1CC /* ImageRepresentable.swift */ = {isa = PBXFileReference; lastKnownFileType = sourcecode.swift; path = ImageRepresentable.swift; sourceTree = "<group>"; };
		5A1F552128EA1CD60038A1CC /* AppTileView.swift */ = {isa = PBXFileReference; lastKnownFileType = sourcecode.swift; path = AppTileView.swift; sourceTree = "<group>"; };
		5A1F552328EA1CDD0038A1CC /* AppTileModel.swift */ = {isa = PBXFileReference; lastKnownFileType = sourcecode.swift; path = AppTileModel.swift; sourceTree = "<group>"; };
		5A1F552528EA1EE90038A1CC /* Image+ImageRepresentable.swift */ = {isa = PBXFileReference; lastKnownFileType = sourcecode.swift; path = "Image+ImageRepresentable.swift"; sourceTree = "<group>"; };
		5A1F552928EA27180038A1CC /* BouncingButtonStyle.swift */ = {isa = PBXFileReference; lastKnownFileType = sourcecode.swift; path = BouncingButtonStyle.swift; sourceTree = "<group>"; };
		5A1F552C28EA2F630038A1CC /* AddAppScreen.swift */ = {isa = PBXFileReference; lastKnownFileType = sourcecode.swift; path = AddAppScreen.swift; sourceTree = "<group>"; };
		5A1F552E28EA302C0038A1CC /* AddAppScreenVM.swift */ = {isa = PBXFileReference; lastKnownFileType = sourcecode.swift; path = AddAppScreenVM.swift; sourceTree = "<group>"; };
		5A20CEA728F756C50006566E /* UserDefaultsKey.swift */ = {isa = PBXFileReference; lastKnownFileType = sourcecode.swift; path = UserDefaultsKey.swift; sourceTree = "<group>"; };
		5A20CEAA28F763F20006566E /* SettingsScreen.swift */ = {isa = PBXFileReference; lastKnownFileType = sourcecode.swift; path = SettingsScreen.swift; sourceTree = "<group>"; };
		5A316E3B290602EC00AFDC47 /* PersistenceControllerError.swift */ = {isa = PBXFileReference; lastKnownFileType = sourcecode.swift; path = PersistenceControllerError.swift; sourceTree = "<group>"; };
		5A316E3E2906133100AFDC47 /* MainScreen.swift */ = {isa = PBXFileReference; lastKnownFileType = sourcecode.swift; path = MainScreen.swift; sourceTree = "<group>"; };
		5A316E432906156A00AFDC47 /* AppReloadService.swift */ = {isa = PBXFileReference; lastKnownFileType = sourcecode.swift; path = AppReloadService.swift; sourceTree = "<group>"; };
		5A426D942906926500529F2F /* Locale+CountryModel.swift */ = {isa = PBXFileReference; lastKnownFileType = sourcecode.swift; path = "Locale+CountryModel.swift"; sourceTree = "<group>"; };
		5A426D96290699DF00529F2F /* CountryModel.swift */ = {isa = PBXFileReference; lastKnownFileType = sourcecode.swift; path = CountryModel.swift; sourceTree = "<group>"; };
		5A426D9829069B9E00529F2F /* CountryCode+CountryName.swift */ = {isa = PBXFileReference; lastKnownFileType = sourcecode.swift; path = "CountryCode+CountryName.swift"; sourceTree = "<group>"; };
		5A426D9A29069BB000529F2F /* CountryCode.swift */ = {isa = PBXFileReference; lastKnownFileType = sourcecode.swift; path = CountryCode.swift; sourceTree = "<group>"; };
		5A426D9C29069BB400529F2F /* CountryName.swift */ = {isa = PBXFileReference; lastKnownFileType = sourcecode.swift; path = CountryName.swift; sourceTree = "<group>"; };
		5A58C61828EE2A33008C47D0 /* View+OnKeyDown.swift */ = {isa = PBXFileReference; lastKnownFileType = sourcecode.swift; path = "View+OnKeyDown.swift"; sourceTree = "<group>"; };
		5A58C61A28EE34BD008C47D0 /* SearchbarView.swift */ = {isa = PBXFileReference; lastKnownFileType = sourcecode.swift; path = SearchbarView.swift; sourceTree = "<group>"; };
		5AAA330228FCA69E007BCFB1 /* SettingsType.swift */ = {isa = PBXFileReference; lastKnownFileType = sourcecode.swift; path = SettingsType.swift; sourceTree = "<group>"; };
		5AAD12272901903E00A4F01E /* SettingsScreenVM.swift */ = {isa = PBXFileReference; lastKnownFileType = sourcecode.swift; path = SettingsScreenVM.swift; sourceTree = "<group>"; };
		5AAD122A2901907D00A4F01E /* SettingsGeneralView.swift */ = {isa = PBXFileReference; lastKnownFileType = sourcecode.swift; path = SettingsGeneralView.swift; sourceTree = "<group>"; };
		5AAD122C2901908100A4F01E /* SettingsAlertsView.swift */ = {isa = PBXFileReference; lastKnownFileType = sourcecode.swift; path = SettingsAlertsView.swift; sourceTree = "<group>"; };
		5AAD122E2901908B00A4F01E /* SettingsAccountView.swift */ = {isa = PBXFileReference; lastKnownFileType = sourcecode.swift; path = SettingsAccountView.swift; sourceTree = "<group>"; };
		5AAD12302901A61A00A4F01E /* Platform.swift */ = {isa = PBXFileReference; lastKnownFileType = sourcecode.swift; path = Platform.swift; sourceTree = "<group>"; };
		5AAD12322901A63B00A4F01E /* View+PlatformPadding.swift */ = {isa = PBXFileReference; lastKnownFileType = sourcecode.swift; path = "View+PlatformPadding.swift"; sourceTree = "<group>"; };
		5AC43F01290B3B9B00BD4850 /* Array+RawRepresentable.swift */ = {isa = PBXFileReference; lastKnownFileType = sourcecode.swift; path = "Array+RawRepresentable.swift"; sourceTree = "<group>"; };
		5AC43F03290B3C8E00BD4850 /* CountryFilter.swift */ = {isa = PBXFileReference; lastKnownFileType = sourcecode.swift; path = CountryFilter.swift; sourceTree = "<group>"; };
		5AC479E2290DD7260025E592 /* CountryPicker.swift */ = {isa = PBXFileReference; lastKnownFileType = sourcecode.swift; path = CountryPicker.swift; sourceTree = "<group>"; };
/* End PBXFileReference section */

/* Begin PBXFrameworksBuildPhase section */
		5A1F54B828E9A1AC0038A1CC /* Frameworks */ = {
			isa = PBXFrameworksBuildPhase;
			buildActionMask = 2147483647;
			files = (
			);
			runOnlyForDeploymentPostprocessing = 0;
		};
		5A1F54C928E9A1AE0038A1CC /* Frameworks */ = {
			isa = PBXFrameworksBuildPhase;
			buildActionMask = 2147483647;
			files = (
			);
			runOnlyForDeploymentPostprocessing = 0;
		};
		5A1F54D328E9A1AE0038A1CC /* Frameworks */ = {
			isa = PBXFrameworksBuildPhase;
			buildActionMask = 2147483647;
			files = (
			);
			runOnlyForDeploymentPostprocessing = 0;
		};
/* End PBXFrameworksBuildPhase section */

/* Begin PBXGroup section */
		5A13D5F028F2E0A700A15735 /* API */ = {
			isa = PBXGroup;
			children = (
				5A1F54F528E9A2710038A1CC /* APIService.swift */,
				5A1F54F728E9A27A0038A1CC /* APIError.swift */,
			);
			path = API;
			sourceTree = "<group>";
		};
		5A13D5F128F2E0B100A15735 /* Formatting */ = {
			isa = PBXGroup;
			children = (
				5A1F550E28E9BCEE0038A1CC /* FormattingService.swift */,
			);
			path = Formatting;
			sourceTree = "<group>";
		};
		5A13D5F328F2E2EF00A15735 /* Search */ = {
			isa = PBXGroup;
			children = (
				5A13D5F428F2E2F900A15735 /* SearchService.swift */,
				5A13D5F928F2E7C400A15735 /* SearchError.swift */,
			);
			path = Search;
			sourceTree = "<group>";
		};
		5A13D60228F36FB900A15735 /* PersistentController */ = {
			isa = PBXGroup;
			children = (
				5A13D60328F36FC300A15735 /* PersistenceController.swift */,
				5A316E3B290602EC00AFDC47 /* PersistenceControllerError.swift */,
			);
			path = PersistentController;
			sourceTree = "<group>";
		};
		5A13D60828F375D300A15735 /* UserSettings */ = {
			isa = PBXGroup;
			children = (
				5A13D60928F375DB00A15735 /* UserSettingsService.swift */,
			);
			path = UserSettings;
			sourceTree = "<group>";
		};
		5A1F54B228E9A1AC0038A1CC = {
			isa = PBXGroup;
			children = (
				5A1F54BD28E9A1AC0038A1CC /* review-it */,
				5A1F54CF28E9A1AE0038A1CC /* review-itTests */,
				5A1F54D928E9A1AE0038A1CC /* review-itUITests */,
				5A1F54BC28E9A1AC0038A1CC /* Products */,
			);
			sourceTree = "<group>";
		};
		5A1F54BC28E9A1AC0038A1CC /* Products */ = {
			isa = PBXGroup;
			children = (
				5A1F54BB28E9A1AC0038A1CC /* review-it.app */,
				5A1F54CC28E9A1AE0038A1CC /* review-itTests.xctest */,
				5A1F54D628E9A1AE0038A1CC /* review-itUITests.xctest */,
			);
			name = Products;
			sourceTree = "<group>";
		};
		5A1F54BD28E9A1AC0038A1CC /* review-it */ = {
			isa = PBXGroup;
			children = (
				5A1F551E28EA1A190038A1CC /* Types */,
				5A1F550428E9A3340038A1CC /* Extensions */,
				5A1F550028E9A3240038A1CC /* Views */,
				5A1F54FA28E9A2940038A1CC /* Screens */,
				5A1F54F428E9A2570038A1CC /* Services */,
				5A1F54E928E9A1F30038A1CC /* Models */,
				5A1F54BE28E9A1AC0038A1CC /* review_itApp.swift */,
				5A1F54C228E9A1AE0038A1CC /* Assets.xcassets */,
				5A1F550728E9A3490038A1CC /* Colors.xcassets */,
				5A13D60528F3747F00A15735 /* review-it.xcdatamodeld */,
				5A1F54C428E9A1AE0038A1CC /* review_it.entitlements */,
				5A1F54C528E9A1AE0038A1CC /* Preview Content */,
			);
			path = "review-it";
			sourceTree = "<group>";
		};
		5A1F54C528E9A1AE0038A1CC /* Preview Content */ = {
			isa = PBXGroup;
			children = (
				5A1F54C628E9A1AE0038A1CC /* Preview Assets.xcassets */,
			);
			path = "Preview Content";
			sourceTree = "<group>";
		};
		5A1F54CF28E9A1AE0038A1CC /* review-itTests */ = {
			isa = PBXGroup;
			children = (
				5A1F54D028E9A1AE0038A1CC /* review_itTests.swift */,
			);
			path = "review-itTests";
			sourceTree = "<group>";
		};
		5A1F54D928E9A1AE0038A1CC /* review-itUITests */ = {
			isa = PBXGroup;
			children = (
				5A1F54DA28E9A1AE0038A1CC /* review_itUITests.swift */,
				5A1F54DC28E9A1AE0038A1CC /* review_itUITestsLaunchTests.swift */,
			);
			path = "review-itUITests";
			sourceTree = "<group>";
		};
		5A1F54E928E9A1F30038A1CC /* Models */ = {
			isa = PBXGroup;
			children = (
				5A1F54EA28E9A1FE0038A1CC /* ReviewFeed.swift */,
				5A426D96290699DF00529F2F /* CountryModel.swift */,
				5AC43F03290B3C8E00BD4850 /* CountryFilter.swift */,
				5A1F54F228E9A23A0038A1CC /* Author.swift */,
				5A13D5F728F2E36900A15735 /* AppSearchResult.swift */,
				5A1F54EC28E9A2090038A1CC /* Feed.swift */,
				5A1F54EE28E9A2140038A1CC /* Review.swift */,
				5A1F54F028E9A2260038A1CC /* NestedLabelType.swift */,
				5A1F551C28EA19EB0038A1CC /* AppModel.swift */,
				5A1F552328EA1CDD0038A1CC /* AppTileModel.swift */,
			);
			path = Models;
			sourceTree = "<group>";
		};
		5A1F54F428E9A2570038A1CC /* Services */ = {
			isa = PBXGroup;
			children = (
				5A316E422906155E00AFDC47 /* AppReload */,
				5A13D60828F375D300A15735 /* UserSettings */,
				5A13D60228F36FB900A15735 /* PersistentController */,
				5A13D5F328F2E2EF00A15735 /* Search */,
				5A13D5F128F2E0B100A15735 /* Formatting */,
				5A13D5F028F2E0A700A15735 /* API */,
			);
			path = Services;
			sourceTree = "<group>";
		};
		5A1F54FA28E9A2940038A1CC /* Screens */ = {
			isa = PBXGroup;
			children = (
				5A316E3D2906132B00AFDC47 /* Main */,
				5A20CEA928F763EA0006566E /* Settings */,
				5A1F552B28EA2F5A0038A1CC /* AddAppScreen */,
				5A1F54FB28E9A29A0038A1CC /* ReviewList */,
			);
			path = Screens;
			sourceTree = "<group>";
		};
		5A1F54FB28E9A29A0038A1CC /* ReviewList */ = {
			isa = PBXGroup;
			children = (
				5A1F54FC28E9A2DB0038A1CC /* ReviewListScreen.swift */,
				5A1F54FE28E9A2FF0038A1CC /* ReviewListVM.swift */,
			);
			path = ReviewList;
			sourceTree = "<group>";
		};
		5A1F550028E9A3240038A1CC /* Views */ = {
			isa = PBXGroup;
			children = (
				5A1F550228E9A32E0038A1CC /* ReviewCardView.swift */,
				5A1F552928EA27180038A1CC /* BouncingButtonStyle.swift */,
				5A13D5FE28F30E2400A15735 /* RoundedButtonStyle.swift */,
				5A1F551528E9C14F0038A1CC /* RatingView.swift */,
				5A1F552128EA1CD60038A1CC /* AppTileView.swift */,
				5A13D60028F35E6300A15735 /* AppView.swift */,
				5A58C61A28EE34BD008C47D0 /* SearchbarView.swift */,
				5A13D5FC28F2EB5E00A15735 /* AppSearchResultView.swift */,
				5AC479E2290DD7260025E592 /* CountryPicker.swift */,
			);
			path = Views;
			sourceTree = "<group>";
		};
		5A1F550428E9A3340038A1CC /* Extensions */ = {
			isa = PBXGroup;
			children = (
				5A1F550528E9A33A0038A1CC /* Color+Convenience.swift */,
				5A426D9829069B9E00529F2F /* CountryCode+CountryName.swift */,
				5AAD12322901A63B00A4F01E /* View+PlatformPadding.swift */,
				5A426D942906926500529F2F /* Locale+CountryModel.swift */,
				5A58C61828EE2A33008C47D0 /* View+OnKeyDown.swift */,
				5A1F552528EA1EE90038A1CC /* Image+ImageRepresentable.swift */,
				5AC43F01290B3B9B00BD4850 /* Array+RawRepresentable.swift */,
			);
			path = Extensions;
			sourceTree = "<group>";
		};
		5A1F551E28EA1A190038A1CC /* Types */ = {
			isa = PBXGroup;
			children = (
				5A1F551828E9CCC60038A1CC /* Constants.swift */,
				5A1F551F28EA1A230038A1CC /* ImageRepresentable.swift */,
				5A426D9A29069BB000529F2F /* CountryCode.swift */,
				5A426D9C29069BB400529F2F /* CountryName.swift */,
				5A20CEA728F756C50006566E /* UserDefaultsKey.swift */,
				5AAD12302901A61A00A4F01E /* Platform.swift */,
			);
			path = Types;
			sourceTree = "<group>";
		};
		5A1F552B28EA2F5A0038A1CC /* AddAppScreen */ = {
			isa = PBXGroup;
			children = (
				5A1F552C28EA2F630038A1CC /* AddAppScreen.swift */,
				5A1F552E28EA302C0038A1CC /* AddAppScreenVM.swift */,
			);
			path = AddAppScreen;
			sourceTree = "<group>";
		};
		5A20CEA928F763EA0006566E /* Settings */ = {
			isa = PBXGroup;
			children = (
				5AAD12292901906D00A4F01E /* Views */,
				5A20CEAA28F763F20006566E /* SettingsScreen.swift */,
				5AAA330228FCA69E007BCFB1 /* SettingsType.swift */,
				5AAD12272901903E00A4F01E /* SettingsScreenVM.swift */,
			);
			path = Settings;
			sourceTree = "<group>";
		};
		5A316E3D2906132B00AFDC47 /* Main */ = {
			isa = PBXGroup;
			children = (
				5A316E3E2906133100AFDC47 /* MainScreen.swift */,
			);
			path = Main;
			sourceTree = "<group>";
		};
		5A316E422906155E00AFDC47 /* AppReload */ = {
			isa = PBXGroup;
			children = (
				5A316E432906156A00AFDC47 /* AppReloadService.swift */,
			);
			path = AppReload;
			sourceTree = "<group>";
		};
		5AAD12292901906D00A4F01E /* Views */ = {
			isa = PBXGroup;
			children = (
				5AAD122A2901907D00A4F01E /* SettingsGeneralView.swift */,
				5AAD122C2901908100A4F01E /* SettingsAlertsView.swift */,
				5AAD122E2901908B00A4F01E /* SettingsAccountView.swift */,
			);
			path = Views;
			sourceTree = "<group>";
		};
/* End PBXGroup section */

/* Begin PBXNativeTarget section */
		5A1F54BA28E9A1AC0038A1CC /* review-it */ = {
			isa = PBXNativeTarget;
			buildConfigurationList = 5A1F54E028E9A1AE0038A1CC /* Build configuration list for PBXNativeTarget "review-it" */;
			buildPhases = (
				5A1F54B728E9A1AC0038A1CC /* Sources */,
				5A1F54B828E9A1AC0038A1CC /* Frameworks */,
				5A1F54B928E9A1AC0038A1CC /* Resources */,
			);
			buildRules = (
			);
			dependencies = (
			);
			name = "review-it";
			productName = "review-it";
			productReference = 5A1F54BB28E9A1AC0038A1CC /* review-it.app */;
			productType = "com.apple.product-type.application";
		};
		5A1F54CB28E9A1AE0038A1CC /* review-itTests */ = {
			isa = PBXNativeTarget;
			buildConfigurationList = 5A1F54E328E9A1AE0038A1CC /* Build configuration list for PBXNativeTarget "review-itTests" */;
			buildPhases = (
				5A1F54C828E9A1AE0038A1CC /* Sources */,
				5A1F54C928E9A1AE0038A1CC /* Frameworks */,
				5A1F54CA28E9A1AE0038A1CC /* Resources */,
			);
			buildRules = (
			);
			dependencies = (
				5A1F54CE28E9A1AE0038A1CC /* PBXTargetDependency */,
			);
			name = "review-itTests";
			productName = "review-itTests";
			productReference = 5A1F54CC28E9A1AE0038A1CC /* review-itTests.xctest */;
			productType = "com.apple.product-type.bundle.unit-test";
		};
		5A1F54D528E9A1AE0038A1CC /* review-itUITests */ = {
			isa = PBXNativeTarget;
			buildConfigurationList = 5A1F54E628E9A1AE0038A1CC /* Build configuration list for PBXNativeTarget "review-itUITests" */;
			buildPhases = (
				5A1F54D228E9A1AE0038A1CC /* Sources */,
				5A1F54D328E9A1AE0038A1CC /* Frameworks */,
				5A1F54D428E9A1AE0038A1CC /* Resources */,
			);
			buildRules = (
			);
			dependencies = (
				5A1F54D828E9A1AE0038A1CC /* PBXTargetDependency */,
			);
			name = "review-itUITests";
			productName = "review-itUITests";
			productReference = 5A1F54D628E9A1AE0038A1CC /* review-itUITests.xctest */;
			productType = "com.apple.product-type.bundle.ui-testing";
		};
/* End PBXNativeTarget section */

/* Begin PBXProject section */
		5A1F54B328E9A1AC0038A1CC /* Project object */ = {
			isa = PBXProject;
			attributes = {
				BuildIndependentTargetsInParallel = 1;
				LastSwiftUpdateCheck = 1400;
				LastUpgradeCheck = 1400;
				TargetAttributes = {
					5A1F54BA28E9A1AC0038A1CC = {
						CreatedOnToolsVersion = 14.0;
					};
					5A1F54CB28E9A1AE0038A1CC = {
						CreatedOnToolsVersion = 14.0;
						TestTargetID = 5A1F54BA28E9A1AC0038A1CC;
					};
					5A1F54D528E9A1AE0038A1CC = {
						CreatedOnToolsVersion = 14.0;
						TestTargetID = 5A1F54BA28E9A1AC0038A1CC;
					};
				};
			};
			buildConfigurationList = 5A1F54B628E9A1AC0038A1CC /* Build configuration list for PBXProject "review-it" */;
			compatibilityVersion = "Xcode 14.0";
			developmentRegion = en;
			hasScannedForEncodings = 0;
			knownRegions = (
				en,
				Base,
			);
			mainGroup = 5A1F54B228E9A1AC0038A1CC;
			productRefGroup = 5A1F54BC28E9A1AC0038A1CC /* Products */;
			projectDirPath = "";
			projectRoot = "";
			targets = (
				5A1F54BA28E9A1AC0038A1CC /* review-it */,
				5A1F54CB28E9A1AE0038A1CC /* review-itTests */,
				5A1F54D528E9A1AE0038A1CC /* review-itUITests */,
			);
		};
/* End PBXProject section */

/* Begin PBXResourcesBuildPhase section */
		5A1F54B928E9A1AC0038A1CC /* Resources */ = {
			isa = PBXResourcesBuildPhase;
			buildActionMask = 2147483647;
			files = (
				5A1F550828E9A3490038A1CC /* Colors.xcassets in Resources */,
				5A1F54C728E9A1AE0038A1CC /* Preview Assets.xcassets in Resources */,
				5A1F54C328E9A1AE0038A1CC /* Assets.xcassets in Resources */,
			);
			runOnlyForDeploymentPostprocessing = 0;
		};
		5A1F54CA28E9A1AE0038A1CC /* Resources */ = {
			isa = PBXResourcesBuildPhase;
			buildActionMask = 2147483647;
			files = (
			);
			runOnlyForDeploymentPostprocessing = 0;
		};
		5A1F54D428E9A1AE0038A1CC /* Resources */ = {
			isa = PBXResourcesBuildPhase;
			buildActionMask = 2147483647;
			files = (
			);
			runOnlyForDeploymentPostprocessing = 0;
		};
/* End PBXResourcesBuildPhase section */

/* Begin PBXSourcesBuildPhase section */
		5A1F54B728E9A1AC0038A1CC /* Sources */ = {
			isa = PBXSourcesBuildPhase;
			buildActionMask = 2147483647;
			files = (
				5AAD12312901A61A00A4F01E /* Platform.swift in Sources */,
				5A1F550628E9A33A0038A1CC /* Color+Convenience.swift in Sources */,
				5A426D97290699DF00529F2F /* CountryModel.swift in Sources */,
				5A13D5F828F2E36900A15735 /* AppSearchResult.swift in Sources */,
				5A1F54EF28E9A2140038A1CC /* Review.swift in Sources */,
				5A1F54FD28E9A2DB0038A1CC /* ReviewListScreen.swift in Sources */,
				5A1F552628EA1EE90038A1CC /* Image+ImageRepresentable.swift in Sources */,
				5A1F551628E9C14F0038A1CC /* RatingView.swift in Sources */,
				5A1F550328E9A32E0038A1CC /* ReviewCardView.swift in Sources */,
				5A1F552028EA1A230038A1CC /* ImageRepresentable.swift in Sources */,
				5A20CEA828F756C50006566E /* UserDefaultsKey.swift in Sources */,
				5A58C61928EE2A33008C47D0 /* View+OnKeyDown.swift in Sources */,
				5A1F552228EA1CD60038A1CC /* AppTileView.swift in Sources */,
				5A13D60728F3747F00A15735 /* review-it.xcdatamodeld in Sources */,
				5A1F552F28EA302C0038A1CC /* AddAppScreenVM.swift in Sources */,
				5AC43F02290B3B9B00BD4850 /* Array+RawRepresentable.swift in Sources */,
				5AAD12332901A63B00A4F01E /* View+PlatformPadding.swift in Sources */,
				5A1F54ED28E9A2090038A1CC /* Feed.swift in Sources */,
				5A1F54FF28E9A2FF0038A1CC /* ReviewListVM.swift in Sources */,
				5A13D60A28F375DB00A15735 /* UserSettingsService.swift in Sources */,
				5A1F552A28EA27180038A1CC /* BouncingButtonStyle.swift in Sources */,
				5AAD122F2901908B00A4F01E /* SettingsAccountView.swift in Sources */,
				5A316E3C290602EC00AFDC47 /* PersistenceControllerError.swift in Sources */,
				5A1F551928E9CCC60038A1CC /* Constants.swift in Sources */,
				5A426D9D29069BB400529F2F /* CountryName.swift in Sources */,
				5A1F54BF28E9A1AC0038A1CC /* review_itApp.swift in Sources */,
				5A13D5FF28F30E2400A15735 /* RoundedButtonStyle.swift in Sources */,
				5A1F54F128E9A2260038A1CC /* NestedLabelType.swift in Sources */,
				5AAA330328FCA69E007BCFB1 /* SettingsType.swift in Sources */,
				5A1F552428EA1CDD0038A1CC /* AppTileModel.swift in Sources */,
				5A1F54F328E9A23A0038A1CC /* Author.swift in Sources */,
				5A1F551D28EA19EB0038A1CC /* AppModel.swift in Sources */,
				5A13D5FD28F2EB5E00A15735 /* AppSearchResultView.swift in Sources */,
				5AAD122D2901908100A4F01E /* SettingsAlertsView.swift in Sources */,
				5AC479E3290DD7260025E592 /* CountryPicker.swift in Sources */,
				5A13D60428F36FC300A15735 /* PersistenceController.swift in Sources */,
				5A426D9B29069BB000529F2F /* CountryCode.swift in Sources */,
				5A1F54F628E9A2710038A1CC /* APIService.swift in Sources */,
				5A1F54EB28E9A1FE0038A1CC /* ReviewFeed.swift in Sources */,
				5A426D9929069B9E00529F2F /* CountryCode+CountryName.swift in Sources */,
				5A20CEAB28F763F20006566E /* SettingsScreen.swift in Sources */,
				5AC43F04290B3C8E00BD4850 /* CountryFilter.swift in Sources */,
				5A1F550F28E9BCEE0038A1CC /* FormattingService.swift in Sources */,
				5A13D60128F35E6300A15735 /* AppView.swift in Sources */,
				5A58C61B28EE34BD008C47D0 /* SearchbarView.swift in Sources */,
				5A13D5FA28F2E7C400A15735 /* SearchError.swift in Sources */,
				5A13D5F528F2E2F900A15735 /* SearchService.swift in Sources */,
				5A426D952906926500529F2F /* Locale+CountryModel.swift in Sources */,
				5A1F54F828E9A27A0038A1CC /* APIError.swift in Sources */,
				5A1F552D28EA2F630038A1CC /* AddAppScreen.swift in Sources */,
				5A316E442906156A00AFDC47 /* AppReloadService.swift in Sources */,
				5A316E3F2906133100AFDC47 /* MainScreen.swift in Sources */,
				5AAD122B2901907D00A4F01E /* SettingsGeneralView.swift in Sources */,
				5AAD12282901903E00A4F01E /* SettingsScreenVM.swift in Sources */,
			);
			runOnlyForDeploymentPostprocessing = 0;
		};
		5A1F54C828E9A1AE0038A1CC /* Sources */ = {
			isa = PBXSourcesBuildPhase;
			buildActionMask = 2147483647;
			files = (
				5A1F54D128E9A1AE0038A1CC /* review_itTests.swift in Sources */,
			);
			runOnlyForDeploymentPostprocessing = 0;
		};
		5A1F54D228E9A1AE0038A1CC /* Sources */ = {
			isa = PBXSourcesBuildPhase;
			buildActionMask = 2147483647;
			files = (
				5A1F54DB28E9A1AE0038A1CC /* review_itUITests.swift in Sources */,
				5A1F54DD28E9A1AE0038A1CC /* review_itUITestsLaunchTests.swift in Sources */,
			);
			runOnlyForDeploymentPostprocessing = 0;
		};
/* End PBXSourcesBuildPhase section */

/* Begin PBXTargetDependency section */
		5A1F54CE28E9A1AE0038A1CC /* PBXTargetDependency */ = {
			isa = PBXTargetDependency;
			target = 5A1F54BA28E9A1AC0038A1CC /* review-it */;
			targetProxy = 5A1F54CD28E9A1AE0038A1CC /* PBXContainerItemProxy */;
		};
		5A1F54D828E9A1AE0038A1CC /* PBXTargetDependency */ = {
			isa = PBXTargetDependency;
			target = 5A1F54BA28E9A1AC0038A1CC /* review-it */;
			targetProxy = 5A1F54D728E9A1AE0038A1CC /* PBXContainerItemProxy */;
		};
/* End PBXTargetDependency section */

/* Begin XCBuildConfiguration section */
		5A1F54DE28E9A1AE0038A1CC /* Debug */ = {
			isa = XCBuildConfiguration;
			buildSettings = {
				ALWAYS_SEARCH_USER_PATHS = NO;
				CLANG_ANALYZER_NONNULL = YES;
				CLANG_ANALYZER_NUMBER_OBJECT_CONVERSION = YES_AGGRESSIVE;
				CLANG_CXX_LANGUAGE_STANDARD = "gnu++20";
				CLANG_ENABLE_MODULES = YES;
				CLANG_ENABLE_OBJC_ARC = YES;
				CLANG_ENABLE_OBJC_WEAK = YES;
				CLANG_WARN_BLOCK_CAPTURE_AUTORELEASING = YES;
				CLANG_WARN_BOOL_CONVERSION = YES;
				CLANG_WARN_COMMA = YES;
				CLANG_WARN_CONSTANT_CONVERSION = YES;
				CLANG_WARN_DEPRECATED_OBJC_IMPLEMENTATIONS = YES;
				CLANG_WARN_DIRECT_OBJC_ISA_USAGE = YES_ERROR;
				CLANG_WARN_DOCUMENTATION_COMMENTS = YES;
				CLANG_WARN_EMPTY_BODY = YES;
				CLANG_WARN_ENUM_CONVERSION = YES;
				CLANG_WARN_INFINITE_RECURSION = YES;
				CLANG_WARN_INT_CONVERSION = YES;
				CLANG_WARN_NON_LITERAL_NULL_CONVERSION = YES;
				CLANG_WARN_OBJC_IMPLICIT_RETAIN_SELF = YES;
				CLANG_WARN_OBJC_LITERAL_CONVERSION = YES;
				CLANG_WARN_OBJC_ROOT_CLASS = YES_ERROR;
				CLANG_WARN_QUOTED_INCLUDE_IN_FRAMEWORK_HEADER = YES;
				CLANG_WARN_RANGE_LOOP_ANALYSIS = YES;
				CLANG_WARN_STRICT_PROTOTYPES = YES;
				CLANG_WARN_SUSPICIOUS_MOVE = YES;
				CLANG_WARN_UNGUARDED_AVAILABILITY = YES_AGGRESSIVE;
				CLANG_WARN_UNREACHABLE_CODE = YES;
				CLANG_WARN__DUPLICATE_METHOD_MATCH = YES;
				COPY_PHASE_STRIP = NO;
				DEBUG_INFORMATION_FORMAT = dwarf;
				ENABLE_STRICT_OBJC_MSGSEND = YES;
				ENABLE_TESTABILITY = YES;
				GCC_C_LANGUAGE_STANDARD = gnu11;
				GCC_DYNAMIC_NO_PIC = NO;
				GCC_NO_COMMON_BLOCKS = YES;
				GCC_OPTIMIZATION_LEVEL = 0;
				GCC_PREPROCESSOR_DEFINITIONS = (
					"DEBUG=1",
					"$(inherited)",
				);
				GCC_WARN_64_TO_32_BIT_CONVERSION = YES;
				GCC_WARN_ABOUT_RETURN_TYPE = YES_ERROR;
				GCC_WARN_UNDECLARED_SELECTOR = YES;
				GCC_WARN_UNINITIALIZED_AUTOS = YES_AGGRESSIVE;
				GCC_WARN_UNUSED_FUNCTION = YES;
				GCC_WARN_UNUSED_VARIABLE = YES;
				MTL_ENABLE_DEBUG_INFO = INCLUDE_SOURCE;
				MTL_FAST_MATH = YES;
				ONLY_ACTIVE_ARCH = YES;
				SWIFT_ACTIVE_COMPILATION_CONDITIONS = DEBUG;
				SWIFT_OPTIMIZATION_LEVEL = "-Onone";
			};
			name = Debug;
		};
		5A1F54DF28E9A1AE0038A1CC /* Release */ = {
			isa = XCBuildConfiguration;
			buildSettings = {
				ALWAYS_SEARCH_USER_PATHS = NO;
				CLANG_ANALYZER_NONNULL = YES;
				CLANG_ANALYZER_NUMBER_OBJECT_CONVERSION = YES_AGGRESSIVE;
				CLANG_CXX_LANGUAGE_STANDARD = "gnu++20";
				CLANG_ENABLE_MODULES = YES;
				CLANG_ENABLE_OBJC_ARC = YES;
				CLANG_ENABLE_OBJC_WEAK = YES;
				CLANG_WARN_BLOCK_CAPTURE_AUTORELEASING = YES;
				CLANG_WARN_BOOL_CONVERSION = YES;
				CLANG_WARN_COMMA = YES;
				CLANG_WARN_CONSTANT_CONVERSION = YES;
				CLANG_WARN_DEPRECATED_OBJC_IMPLEMENTATIONS = YES;
				CLANG_WARN_DIRECT_OBJC_ISA_USAGE = YES_ERROR;
				CLANG_WARN_DOCUMENTATION_COMMENTS = YES;
				CLANG_WARN_EMPTY_BODY = YES;
				CLANG_WARN_ENUM_CONVERSION = YES;
				CLANG_WARN_INFINITE_RECURSION = YES;
				CLANG_WARN_INT_CONVERSION = YES;
				CLANG_WARN_NON_LITERAL_NULL_CONVERSION = YES;
				CLANG_WARN_OBJC_IMPLICIT_RETAIN_SELF = YES;
				CLANG_WARN_OBJC_LITERAL_CONVERSION = YES;
				CLANG_WARN_OBJC_ROOT_CLASS = YES_ERROR;
				CLANG_WARN_QUOTED_INCLUDE_IN_FRAMEWORK_HEADER = YES;
				CLANG_WARN_RANGE_LOOP_ANALYSIS = YES;
				CLANG_WARN_STRICT_PROTOTYPES = YES;
				CLANG_WARN_SUSPICIOUS_MOVE = YES;
				CLANG_WARN_UNGUARDED_AVAILABILITY = YES_AGGRESSIVE;
				CLANG_WARN_UNREACHABLE_CODE = YES;
				CLANG_WARN__DUPLICATE_METHOD_MATCH = YES;
				COPY_PHASE_STRIP = NO;
				DEBUG_INFORMATION_FORMAT = "dwarf-with-dsym";
				ENABLE_NS_ASSERTIONS = NO;
				ENABLE_STRICT_OBJC_MSGSEND = YES;
				GCC_C_LANGUAGE_STANDARD = gnu11;
				GCC_NO_COMMON_BLOCKS = YES;
				GCC_WARN_64_TO_32_BIT_CONVERSION = YES;
				GCC_WARN_ABOUT_RETURN_TYPE = YES_ERROR;
				GCC_WARN_UNDECLARED_SELECTOR = YES;
				GCC_WARN_UNINITIALIZED_AUTOS = YES_AGGRESSIVE;
				GCC_WARN_UNUSED_FUNCTION = YES;
				GCC_WARN_UNUSED_VARIABLE = YES;
				MTL_ENABLE_DEBUG_INFO = NO;
				MTL_FAST_MATH = YES;
				SWIFT_COMPILATION_MODE = wholemodule;
				SWIFT_OPTIMIZATION_LEVEL = "-O";
			};
			name = Release;
		};
		5A1F54E128E9A1AE0038A1CC /* Debug */ = {
			isa = XCBuildConfiguration;
			buildSettings = {
				ASSETCATALOG_COMPILER_APPICON_NAME = AppIcon;
				ASSETCATALOG_COMPILER_GLOBAL_ACCENT_COLOR_NAME = AccentColor;
				CODE_SIGN_ENTITLEMENTS = "review-it/review_it.entitlements";
				CODE_SIGN_STYLE = Automatic;
				CURRENT_PROJECT_VERSION = 1;
				DEVELOPMENT_ASSET_PATHS = "\"review-it/Preview Content\"";
				DEVELOPMENT_TEAM = 543MGA3H89;
				ENABLE_HARDENED_RUNTIME = YES;
				ENABLE_PREVIEWS = YES;
				GENERATE_INFOPLIST_FILE = YES;
				"INFOPLIST_KEY_UIApplicationSceneManifest_Generation[sdk=iphoneos*]" = YES;
				"INFOPLIST_KEY_UIApplicationSceneManifest_Generation[sdk=iphonesimulator*]" = YES;
				"INFOPLIST_KEY_UIApplicationSupportsIndirectInputEvents[sdk=iphoneos*]" = YES;
				"INFOPLIST_KEY_UIApplicationSupportsIndirectInputEvents[sdk=iphonesimulator*]" = YES;
				"INFOPLIST_KEY_UILaunchScreen_Generation[sdk=iphoneos*]" = YES;
				"INFOPLIST_KEY_UILaunchScreen_Generation[sdk=iphonesimulator*]" = YES;
				"INFOPLIST_KEY_UIStatusBarStyle[sdk=iphoneos*]" = UIStatusBarStyleDefault;
				"INFOPLIST_KEY_UIStatusBarStyle[sdk=iphonesimulator*]" = UIStatusBarStyleDefault;
				INFOPLIST_KEY_UISupportedInterfaceOrientations_iPad = "UIInterfaceOrientationPortrait UIInterfaceOrientationPortraitUpsideDown UIInterfaceOrientationLandscapeLeft UIInterfaceOrientationLandscapeRight";
				INFOPLIST_KEY_UISupportedInterfaceOrientations_iPhone = "UIInterfaceOrientationPortrait UIInterfaceOrientationLandscapeLeft UIInterfaceOrientationLandscapeRight";
				IPHONEOS_DEPLOYMENT_TARGET = 16.0;
				LD_RUNPATH_SEARCH_PATHS = "@executable_path/Frameworks";
				"LD_RUNPATH_SEARCH_PATHS[sdk=macosx*]" = "@executable_path/../Frameworks";
				MACOSX_DEPLOYMENT_TARGET = 12.0;
				MARKETING_VERSION = 1.0;
				PRODUCT_BUNDLE_IDENTIFIER = "com.danielarden.review-it";
				PRODUCT_NAME = "$(TARGET_NAME)";
				SDKROOT = auto;
				SUPPORTED_PLATFORMS = "iphoneos iphonesimulator macosx";
				SWIFT_EMIT_LOC_STRINGS = YES;
				SWIFT_VERSION = 5.0;
				TARGETED_DEVICE_FAMILY = "1,2";
			};
			name = Debug;
		};
		5A1F54E228E9A1AE0038A1CC /* Release */ = {
			isa = XCBuildConfiguration;
			buildSettings = {
				ASSETCATALOG_COMPILER_APPICON_NAME = AppIcon;
				ASSETCATALOG_COMPILER_GLOBAL_ACCENT_COLOR_NAME = AccentColor;
				CODE_SIGN_ENTITLEMENTS = "review-it/review_it.entitlements";
				CODE_SIGN_STYLE = Automatic;
				CURRENT_PROJECT_VERSION = 1;
				DEVELOPMENT_ASSET_PATHS = "\"review-it/Preview Content\"";
				DEVELOPMENT_TEAM = 543MGA3H89;
				ENABLE_HARDENED_RUNTIME = YES;
				ENABLE_PREVIEWS = YES;
				GENERATE_INFOPLIST_FILE = YES;
				"INFOPLIST_KEY_UIApplicationSceneManifest_Generation[sdk=iphoneos*]" = YES;
				"INFOPLIST_KEY_UIApplicationSceneManifest_Generation[sdk=iphonesimulator*]" = YES;
				"INFOPLIST_KEY_UIApplicationSupportsIndirectInputEvents[sdk=iphoneos*]" = YES;
				"INFOPLIST_KEY_UIApplicationSupportsIndirectInputEvents[sdk=iphonesimulator*]" = YES;
				"INFOPLIST_KEY_UILaunchScreen_Generation[sdk=iphoneos*]" = YES;
				"INFOPLIST_KEY_UILaunchScreen_Generation[sdk=iphonesimulator*]" = YES;
				"INFOPLIST_KEY_UIStatusBarStyle[sdk=iphoneos*]" = UIStatusBarStyleDefault;
				"INFOPLIST_KEY_UIStatusBarStyle[sdk=iphonesimulator*]" = UIStatusBarStyleDefault;
				INFOPLIST_KEY_UISupportedInterfaceOrientations_iPad = "UIInterfaceOrientationPortrait UIInterfaceOrientationPortraitUpsideDown UIInterfaceOrientationLandscapeLeft UIInterfaceOrientationLandscapeRight";
				INFOPLIST_KEY_UISupportedInterfaceOrientations_iPhone = "UIInterfaceOrientationPortrait UIInterfaceOrientationLandscapeLeft UIInterfaceOrientationLandscapeRight";
				IPHONEOS_DEPLOYMENT_TARGET = 16.0;
				LD_RUNPATH_SEARCH_PATHS = "@executable_path/Frameworks";
				"LD_RUNPATH_SEARCH_PATHS[sdk=macosx*]" = "@executable_path/../Frameworks";
				MACOSX_DEPLOYMENT_TARGET = 12.0;
				MARKETING_VERSION = 1.0;
				PRODUCT_BUNDLE_IDENTIFIER = "com.danielarden.review-it";
				PRODUCT_NAME = "$(TARGET_NAME)";
				SDKROOT = auto;
				SUPPORTED_PLATFORMS = "iphoneos iphonesimulator macosx";
				SWIFT_EMIT_LOC_STRINGS = YES;
				SWIFT_VERSION = 5.0;
				TARGETED_DEVICE_FAMILY = "1,2";
			};
			name = Release;
		};
		5A1F54E428E9A1AE0038A1CC /* Debug */ = {
			isa = XCBuildConfiguration;
			buildSettings = {
				ALWAYS_EMBED_SWIFT_STANDARD_LIBRARIES = YES;
				BUNDLE_LOADER = "$(TEST_HOST)";
				CODE_SIGN_STYLE = Automatic;
				CURRENT_PROJECT_VERSION = 1;
				DEVELOPMENT_TEAM = 543MGA3H89;
				GENERATE_INFOPLIST_FILE = YES;
				IPHONEOS_DEPLOYMENT_TARGET = 16.0;
				MACOSX_DEPLOYMENT_TARGET = 12.3;
				MARKETING_VERSION = 1.0;
				PRODUCT_BUNDLE_IDENTIFIER = "com.danielarden.review-itTests";
				PRODUCT_NAME = "$(TARGET_NAME)";
				SDKROOT = auto;
				SUPPORTED_PLATFORMS = "iphoneos iphonesimulator macosx";
				SWIFT_EMIT_LOC_STRINGS = NO;
				SWIFT_VERSION = 5.0;
				TARGETED_DEVICE_FAMILY = "1,2";
				TEST_HOST = "$(BUILT_PRODUCTS_DIR)/review-it.app/$(BUNDLE_EXECUTABLE_FOLDER_PATH)/review-it";
			};
			name = Debug;
		};
		5A1F54E528E9A1AE0038A1CC /* Release */ = {
			isa = XCBuildConfiguration;
			buildSettings = {
				ALWAYS_EMBED_SWIFT_STANDARD_LIBRARIES = YES;
				BUNDLE_LOADER = "$(TEST_HOST)";
				CODE_SIGN_STYLE = Automatic;
				CURRENT_PROJECT_VERSION = 1;
				DEVELOPMENT_TEAM = 543MGA3H89;
				GENERATE_INFOPLIST_FILE = YES;
				IPHONEOS_DEPLOYMENT_TARGET = 16.0;
				MACOSX_DEPLOYMENT_TARGET = 12.3;
				MARKETING_VERSION = 1.0;
				PRODUCT_BUNDLE_IDENTIFIER = "com.danielarden.review-itTests";
				PRODUCT_NAME = "$(TARGET_NAME)";
				SDKROOT = auto;
				SUPPORTED_PLATFORMS = "iphoneos iphonesimulator macosx";
				SWIFT_EMIT_LOC_STRINGS = NO;
				SWIFT_VERSION = 5.0;
				TARGETED_DEVICE_FAMILY = "1,2";
				TEST_HOST = "$(BUILT_PRODUCTS_DIR)/review-it.app/$(BUNDLE_EXECUTABLE_FOLDER_PATH)/review-it";
			};
			name = Release;
		};
		5A1F54E728E9A1AE0038A1CC /* Debug */ = {
			isa = XCBuildConfiguration;
			buildSettings = {
				ALWAYS_EMBED_SWIFT_STANDARD_LIBRARIES = YES;
				CODE_SIGN_STYLE = Automatic;
				CURRENT_PROJECT_VERSION = 1;
				DEVELOPMENT_TEAM = 543MGA3H89;
				GENERATE_INFOPLIST_FILE = YES;
				IPHONEOS_DEPLOYMENT_TARGET = 16.0;
				MACOSX_DEPLOYMENT_TARGET = 12.3;
				MARKETING_VERSION = 1.0;
				PRODUCT_BUNDLE_IDENTIFIER = "com.danielarden.review-itUITests";
				PRODUCT_NAME = "$(TARGET_NAME)";
				SDKROOT = auto;
				SUPPORTED_PLATFORMS = "iphoneos iphonesimulator macosx";
				SWIFT_EMIT_LOC_STRINGS = NO;
				SWIFT_VERSION = 5.0;
				TARGETED_DEVICE_FAMILY = "1,2";
				TEST_TARGET_NAME = "review-it";
			};
			name = Debug;
		};
		5A1F54E828E9A1AE0038A1CC /* Release */ = {
			isa = XCBuildConfiguration;
			buildSettings = {
				ALWAYS_EMBED_SWIFT_STANDARD_LIBRARIES = YES;
				CODE_SIGN_STYLE = Automatic;
				CURRENT_PROJECT_VERSION = 1;
				DEVELOPMENT_TEAM = 543MGA3H89;
				GENERATE_INFOPLIST_FILE = YES;
				IPHONEOS_DEPLOYMENT_TARGET = 16.0;
				MACOSX_DEPLOYMENT_TARGET = 12.3;
				MARKETING_VERSION = 1.0;
				PRODUCT_BUNDLE_IDENTIFIER = "com.danielarden.review-itUITests";
				PRODUCT_NAME = "$(TARGET_NAME)";
				SDKROOT = auto;
				SUPPORTED_PLATFORMS = "iphoneos iphonesimulator macosx";
				SWIFT_EMIT_LOC_STRINGS = NO;
				SWIFT_VERSION = 5.0;
				TARGETED_DEVICE_FAMILY = "1,2";
				TEST_TARGET_NAME = "review-it";
			};
			name = Release;
		};
/* End XCBuildConfiguration section */

/* Begin XCConfigurationList section */
		5A1F54B628E9A1AC0038A1CC /* Build configuration list for PBXProject "review-it" */ = {
			isa = XCConfigurationList;
			buildConfigurations = (
				5A1F54DE28E9A1AE0038A1CC /* Debug */,
				5A1F54DF28E9A1AE0038A1CC /* Release */,
			);
			defaultConfigurationIsVisible = 0;
			defaultConfigurationName = Release;
		};
		5A1F54E028E9A1AE0038A1CC /* Build configuration list for PBXNativeTarget "review-it" */ = {
			isa = XCConfigurationList;
			buildConfigurations = (
				5A1F54E128E9A1AE0038A1CC /* Debug */,
				5A1F54E228E9A1AE0038A1CC /* Release */,
			);
			defaultConfigurationIsVisible = 0;
			defaultConfigurationName = Release;
		};
		5A1F54E328E9A1AE0038A1CC /* Build configuration list for PBXNativeTarget "review-itTests" */ = {
			isa = XCConfigurationList;
			buildConfigurations = (
				5A1F54E428E9A1AE0038A1CC /* Debug */,
				5A1F54E528E9A1AE0038A1CC /* Release */,
			);
			defaultConfigurationIsVisible = 0;
			defaultConfigurationName = Release;
		};
		5A1F54E628E9A1AE0038A1CC /* Build configuration list for PBXNativeTarget "review-itUITests" */ = {
			isa = XCConfigurationList;
			buildConfigurations = (
				5A1F54E728E9A1AE0038A1CC /* Debug */,
				5A1F54E828E9A1AE0038A1CC /* Release */,
			);
			defaultConfigurationIsVisible = 0;
			defaultConfigurationName = Release;
		};
/* End XCConfigurationList section */

/* Begin XCVersionGroup section */
		5A13D60528F3747F00A15735 /* review-it.xcdatamodeld */ = {
			isa = XCVersionGroup;
			children = (
				5A13D60628F3747F00A15735 /* review-it.xcdatamodel */,
			);
			currentVersion = 5A13D60628F3747F00A15735 /* review-it.xcdatamodel */;
			path = "review-it.xcdatamodeld";
			sourceTree = "<group>";
			versionGroupType = wrapper.xcdatamodel;
		};
/* End XCVersionGroup section */
	};
	rootObject = 5A1F54B328E9A1AC0038A1CC /* Project object */;
}
